
Microsoft Visual Studio Solution File, Format Version 12.00
# Visual Studio Version 16
VisualStudioVersion = 16.0.31321.278
MinimumVisualStudioVersion = 10.0.40219.1
Project("{9A19103F-16F7-4668-BE54-9A1E7A4F7556}") = "GerenciadorCondominios", "GerenciadorCondominios\GerenciadorCondominios.csproj", "{65F308A9-A8CA-410C-ABF2-7B095F782162}"
EndProject
Project("{9A19103F-16F7-4668-BE54-9A1E7A4F7556}") = "GerenciadorCondominios.BLL", "GerenciadorCondominios.BLL\GerenciadorCondominios.BLL.csproj", "{A0563FA6-114F-448A-BEB9-9A15C1E41D71}"
EndProject
Project("{FAE04EC0-301F-11D3-BF4B-00C04F79EFBC}") = "GerenciadorCondominios.DAL", "GerenciadorCondominios.DAL\GerenciadorCondominios.DAL.csproj", "{F74F282C-09E1-4A10-AE8F-8D76E07667E0}"
EndProject
Global
	GlobalSection(SolutionConfigurationPlatforms) = preSolution
		Debug|Any CPU = Debug|Any CPU
		Release|Any CPU = Release|Any CPU
	EndGlobalSection
	GlobalSection(ProjectConfigurationPlatforms) = postSolution
		{65F308A9-A8CA-410C-ABF2-7B095F782162}.Debug|Any CPU.ActiveCfg = Debug|Any CPU
		{65F308A9-A8CA-410C-ABF2-7B095F782162}.Debug|Any CPU.Build.0 = Debug|Any CPU
		{65F308A9-A8CA-410C-ABF2-7B095F782162}.Release|Any CPU.ActiveCfg = Release|Any CPU
		{65F308A9-A8CA-410C-ABF2-7B095F782162}.Release|Any CPU.Build.0 = Release|Any CPU
		{A0563FA6-114F-448A-BEB9-9A15C1E41D71}.Debug|Any CPU.ActiveCfg = Debug|Any CPU
		{A0563FA6-114F-448A-BEB9-9A15C1E41D71}.Debug|Any CPU.Build.0 = Debug|Any CPU
		{A0563FA6-114F-448A-BEB9-9A15C1E41D71}.Release|Any CPU.ActiveCfg = Release|Any CPU
		{A0563FA6-114F-448A-BEB9-9A15C1E41D71}.Release|Any CPU.Build.0 = Release|Any CPU
		{F74F282C-09E1-4A10-AE8F-8D76E07667E0}.Debug|Any CPU.ActiveCfg = Debug|Any CPU
		{F74F282C-09E1-4A10-AE8F-8D76E07667E0}.Debug|Any CPU.Build.0 = Debug|Any CPU
		{F74F282C-09E1-4A10-AE8F-8D76E07667E0}.Release|Any CPU.ActiveCfg = Release|Any CPU
		{F74F282C-09E1-4A10-AE8F-8D76E07667E0}.Release|Any CPU.Build.0 = Release|Any CPU
	EndGlobalSection
	GlobalSection(SolutionProperties) = preSolution
		HideSolutionNode = FALSE
	EndGlobalSection
	GlobalSection(ExtensibilityGlobals) = postSolution
		SolutionGuid = {931AD6E0-D801-43CD-B8C5-C8528B699E7A}
	EndGlobalSection
EndGlobal
